// !$*UTF8*$!
{
	archiveVersion = 1;
	classes = {
	};
	objectVersion = 50;
	objects = {

/* Begin PBXBuildFile section */
		93A8540624545BB900F520D8 /* AppDelegate.swift in Sources */ = {isa = PBXBuildFile; fileRef = 93A8540524545BB900F520D8 /* AppDelegate.swift */; };
		93A8540824545BB900F520D8 /* SceneDelegate.swift in Sources */ = {isa = PBXBuildFile; fileRef = 93A8540724545BB900F520D8 /* SceneDelegate.swift */; };
		93A8541D245466C700F520D8 /* Coordinator.swift in Sources */ = {isa = PBXBuildFile; fileRef = 93A8541C245466C700F520D8 /* Coordinator.swift */; };
		93A8541F2454674D00F520D8 /* DataProvider.swift in Sources */ = {isa = PBXBuildFile; fileRef = 93A8541E2454674D00F520D8 /* DataProvider.swift */; };
		93A854232454678600F520D8 /* AppCoordinator.swift in Sources */ = {isa = PBXBuildFile; fileRef = 93A854222454678600F520D8 /* AppCoordinator.swift */; };
		93A85428245486E500F520D8 /* HeroesCoordinator.swift in Sources */ = {isa = PBXBuildFile; fileRef = 93A85427245486E500F520D8 /* HeroesCoordinator.swift */; };
		93A8542A245486F600F520D8 /* VillainsCoordinator.swift in Sources */ = {isa = PBXBuildFile; fileRef = 93A85429245486F600F520D8 /* VillainsCoordinator.swift */; };
		93A8542C2454870500F520D8 /* CombatsCoordinator.swift in Sources */ = {isa = PBXBuildFile; fileRef = 93A8542B2454870500F520D8 /* CombatsCoordinator.swift */; };
		93A8542E24548EE000F520D8 /* Assets.xcassets in Resources */ = {isa = PBXBuildFile; fileRef = 93A8542D24548EE000F520D8 /* Assets.xcassets */; };
		93A854332454A3C100F520D8 /* UIImage+Extension.swift in Sources */ = {isa = PBXBuildFile; fileRef = 93A854322454A3C100F520D8 /* UIImage+Extension.swift */; };
		93A854352454BB5800F520D8 /* HeroesViewModel.swift in Sources */ = {isa = PBXBuildFile; fileRef = 93A854342454BB5800F520D8 /* HeroesViewModel.swift */; };
		93A854372454BB9700F520D8 /* HeroesViewController.swift in Sources */ = {isa = PBXBuildFile; fileRef = 93A854362454BB9700F520D8 /* HeroesViewController.swift */; };
		93A854392454BD5600F520D8 /* CombatsViewModel.swift in Sources */ = {isa = PBXBuildFile; fileRef = 93A854382454BD5600F520D8 /* CombatsViewModel.swift */; };
		93A8543B2454BDFD00F520D8 /* CombatsViewController.swift in Sources */ = {isa = PBXBuildFile; fileRef = 93A8543A2454BDFD00F520D8 /* CombatsViewController.swift */; };
		93A8543D2454BE6700F520D8 /* VillainsViewModel.swift in Sources */ = {isa = PBXBuildFile; fileRef = 93A8543C2454BE6700F520D8 /* VillainsViewModel.swift */; };
		93A8543F2454BEE400F520D8 /* VillainsViewController.swift in Sources */ = {isa = PBXBuildFile; fileRef = 93A8543E2454BEE400F520D8 /* VillainsViewController.swift */; };
		93A854412454C86500F520D8 /* LocalDataProvider.swift in Sources */ = {isa = PBXBuildFile; fileRef = 93A854402454C86500F520D8 /* LocalDataProvider.swift */; };
		93D28A982454CA6F00CC75AC /* CoreDataDatabase.swift in Sources */ = {isa = PBXBuildFile; fileRef = 93D28A972454CA6F00CC75AC /* CoreDataDatabase.swift */; };
/* End PBXBuildFile section */

/* Begin PBXFileReference section */
		93A8540224545BB900F520D8 /* AvengersApp.app */ = {isa = PBXFileReference; explicitFileType = wrapper.application; includeInIndex = 0; path = AvengersApp.app; sourceTree = BUILT_PRODUCTS_DIR; };
		93A8540524545BB900F520D8 /* AppDelegate.swift */ = {isa = PBXFileReference; lastKnownFileType = sourcecode.swift; path = AppDelegate.swift; sourceTree = "<group>"; };
		93A8540724545BB900F520D8 /* SceneDelegate.swift */ = {isa = PBXFileReference; lastKnownFileType = sourcecode.swift; path = SceneDelegate.swift; sourceTree = "<group>"; };
		93A8541324545BBC00F520D8 /* Info.plist */ = {isa = PBXFileReference; lastKnownFileType = text.plist.xml; path = Info.plist; sourceTree = "<group>"; };
		93A8541C245466C700F520D8 /* Coordinator.swift */ = {isa = PBXFileReference; lastKnownFileType = sourcecode.swift; path = Coordinator.swift; sourceTree = "<group>"; };
		93A8541E2454674D00F520D8 /* DataProvider.swift */ = {isa = PBXFileReference; lastKnownFileType = sourcecode.swift; path = DataProvider.swift; sourceTree = "<group>"; };
		93A854222454678600F520D8 /* AppCoordinator.swift */ = {isa = PBXFileReference; lastKnownFileType = sourcecode.swift; path = AppCoordinator.swift; sourceTree = "<group>"; };
		93A85427245486E500F520D8 /* HeroesCoordinator.swift */ = {isa = PBXFileReference; lastKnownFileType = sourcecode.swift; path = HeroesCoordinator.swift; sourceTree = "<group>"; };
		93A85429245486F600F520D8 /* VillainsCoordinator.swift */ = {isa = PBXFileReference; lastKnownFileType = sourcecode.swift; path = VillainsCoordinator.swift; sourceTree = "<group>"; };
		93A8542B2454870500F520D8 /* CombatsCoordinator.swift */ = {isa = PBXFileReference; lastKnownFileType = sourcecode.swift; path = CombatsCoordinator.swift; sourceTree = "<group>"; };
		93A8542D24548EE000F520D8 /* Assets.xcassets */ = {isa = PBXFileReference; lastKnownFileType = folder.assetcatalog; name = Assets.xcassets; path = "../../../../../Gitlab David/project/Assets.xcassets"; sourceTree = "<group>"; };
		93A854322454A3C100F520D8 /* UIImage+Extension.swift */ = {isa = PBXFileReference; lastKnownFileType = sourcecode.swift; path = "UIImage+Extension.swift"; sourceTree = "<group>"; };
		93A854342454BB5800F520D8 /* HeroesViewModel.swift */ = {isa = PBXFileReference; lastKnownFileType = sourcecode.swift; path = HeroesViewModel.swift; sourceTree = "<group>"; };
		93A854362454BB9700F520D8 /* HeroesViewController.swift */ = {isa = PBXFileReference; lastKnownFileType = sourcecode.swift; path = HeroesViewController.swift; sourceTree = "<group>"; };
		93A854382454BD5600F520D8 /* CombatsViewModel.swift */ = {isa = PBXFileReference; lastKnownFileType = sourcecode.swift; path = CombatsViewModel.swift; sourceTree = "<group>"; };
		93A8543A2454BDFD00F520D8 /* CombatsViewController.swift */ = {isa = PBXFileReference; lastKnownFileType = sourcecode.swift; path = CombatsViewController.swift; sourceTree = "<group>"; };
		93A8543C2454BE6700F520D8 /* VillainsViewModel.swift */ = {isa = PBXFileReference; lastKnownFileType = sourcecode.swift; path = VillainsViewModel.swift; sourceTree = "<group>"; };
		93A8543E2454BEE400F520D8 /* VillainsViewController.swift */ = {isa = PBXFileReference; lastKnownFileType = sourcecode.swift; path = VillainsViewController.swift; sourceTree = "<group>"; };
		93A854402454C86500F520D8 /* LocalDataProvider.swift */ = {isa = PBXFileReference; lastKnownFileType = sourcecode.swift; path = LocalDataProvider.swift; sourceTree = "<group>"; };
		93D28A972454CA6F00CC75AC /* CoreDataDatabase.swift */ = {isa = PBXFileReference; lastKnownFileType = sourcecode.swift; path = CoreDataDatabase.swift; sourceTree = "<group>"; };
/* End PBXFileReference section */

/* Begin PBXFrameworksBuildPhase section */
		93A853FF24545BB900F520D8 /* Frameworks */ = {
			isa = PBXFrameworksBuildPhase;
			buildActionMask = 2147483647;
			files = (
			);
			runOnlyForDeploymentPostprocessing = 0;
		};
/* End PBXFrameworksBuildPhase section */

/* Begin PBXGroup section */
		93A853F924545BB900F520D8 = {
			isa = PBXGroup;
			children = (
				93A8540424545BB900F520D8 /* AvengersApp */,
				93A8540324545BB900F520D8 /* Products */,
			);
			sourceTree = "<group>";
		};
		93A8540324545BB900F520D8 /* Products */ = {
			isa = PBXGroup;
			children = (
				93A8540224545BB900F520D8 /* AvengersApp.app */,
			);
			name = Products;
			sourceTree = "<group>";
		};
		93A8540424545BB900F520D8 /* AvengersApp */ = {
			isa = PBXGroup;
			children = (
				93A854312454A3A600F520D8 /* Extensions */,
				93A8540524545BB900F520D8 /* AppDelegate.swift */,
				93A8540724545BB900F520D8 /* SceneDelegate.swift */,
				93A8541324545BBC00F520D8 /* Info.plist */,
				93A8541924545DD000F520D8 /* Coordinator */,
				93A854242454866900F520D8 /* Heroes */,
				93A854262454868000F520D8 /* Combats */,
				93A854252454867900F520D8 /* Villains */,
				93A8541A24545DE500F520D8 /* Resources */,
				93A8541B24545E0100F520D8 /* DataProvider */,
			);
			path = AvengersApp;
			sourceTree = "<group>";
		};
		93A8541924545DD000F520D8 /* Coordinator */ = {
			isa = PBXGroup;
			children = (
				93A8541C245466C700F520D8 /* Coordinator.swift */,
				93A854222454678600F520D8 /* AppCoordinator.swift */,
				93A85427245486E500F520D8 /* HeroesCoordinator.swift */,
				93A8542B2454870500F520D8 /* CombatsCoordinator.swift */,
				93A85429245486F600F520D8 /* VillainsCoordinator.swift */,
			);
			path = Coordinator;
			sourceTree = "<group>";
		};
		93A8541A24545DE500F520D8 /* Resources */ = {
			isa = PBXGroup;
			children = (
				93A8542D24548EE000F520D8 /* Assets.xcassets */,
			);
			path = Resources;
			sourceTree = "<group>";
		};
		93A8541B24545E0100F520D8 /* DataProvider */ = {
			isa = PBXGroup;
			children = (
				93A8541E2454674D00F520D8 /* DataProvider.swift */,
				93A854202454675900F520D8 /* Local */,
				93A854212454676100F520D8 /* Remote */,
			);
			path = DataProvider;
			sourceTree = "<group>";
		};
		93A854202454675900F520D8 /* Local */ = {
			isa = PBXGroup;
			children = (
				93A854402454C86500F520D8 /* LocalDataProvider.swift */,
				93D28A972454CA6F00CC75AC /* CoreDataDatabase.swift */,
			);
			path = Local;
			sourceTree = "<group>";
		};
		93A854212454676100F520D8 /* Remote */ = {
			isa = PBXGroup;
			children = (
			);
			path = Remote;
			sourceTree = "<group>";
		};
		93A854242454866900F520D8 /* Heroes */ = {
			isa = PBXGroup;
			children = (
				93A854342454BB5800F520D8 /* HeroesViewModel.swift */,
				93A854362454BB9700F520D8 /* HeroesViewController.swift */,
			);
			path = Heroes;
			sourceTree = "<group>";
		};
		93A854252454867900F520D8 /* Villains */ = {
			isa = PBXGroup;
			children = (
				93A8543C2454BE6700F520D8 /* VillainsViewModel.swift */,
				93A8543E2454BEE400F520D8 /* VillainsViewController.swift */,
			);
			path = Villains;
			sourceTree = "<group>";
		};
		93A854262454868000F520D8 /* Combats */ = {
			isa = PBXGroup;
			children = (
				93A854382454BD5600F520D8 /* CombatsViewModel.swift */,
				93A8543A2454BDFD00F520D8 /* CombatsViewController.swift */,
			);
			path = Combats;
			sourceTree = "<group>";
		};
		93A854312454A3A600F520D8 /* Extensions */ = {
			isa = PBXGroup;
			children = (
				93A854322454A3C100F520D8 /* UIImage+Extension.swift */,
			);
			path = Extensions;
			sourceTree = "<group>";
		};
/* End PBXGroup section */

/* Begin PBXNativeTarget section */
		93A8540124545BB900F520D8 /* AvengersApp */ = {
			isa = PBXNativeTarget;
			buildConfigurationList = 93A8541624545BBC00F520D8 /* Build configuration list for PBXNativeTarget "AvengersApp" */;
			buildPhases = (
				93A853FE24545BB900F520D8 /* Sources */,
				93A853FF24545BB900F520D8 /* Frameworks */,
				93A8540024545BB900F520D8 /* Resources */,
			);
			buildRules = (
			);
			dependencies = (
			);
			name = AvengersApp;
			productName = AvengersApp;
			productReference = 93A8540224545BB900F520D8 /* AvengersApp.app */;
			productType = "com.apple.product-type.application";
		};
/* End PBXNativeTarget section */

/* Begin PBXProject section */
		93A853FA24545BB900F520D8 /* Project object */ = {
			isa = PBXProject;
			attributes = {
				LastSwiftUpdateCheck = 1130;
				LastUpgradeCheck = 1130;
				ORGANIZATIONNAME = "Ricardo González Pacheco";
				TargetAttributes = {
					93A8540124545BB900F520D8 = {
						CreatedOnToolsVersion = 11.3.1;
					};
				};
			};
			buildConfigurationList = 93A853FD24545BB900F520D8 /* Build configuration list for PBXProject "AvengersApp" */;
			compatibilityVersion = "Xcode 9.3";
			developmentRegion = en;
			hasScannedForEncodings = 0;
			knownRegions = (
				en,
				Base,
			);
			mainGroup = 93A853F924545BB900F520D8;
			productRefGroup = 93A8540324545BB900F520D8 /* Products */;
			projectDirPath = "";
			projectRoot = "";
			targets = (
				93A8540124545BB900F520D8 /* AvengersApp */,
			);
		};
/* End PBXProject section */

/* Begin PBXResourcesBuildPhase section */
		93A8540024545BB900F520D8 /* Resources */ = {
			isa = PBXResourcesBuildPhase;
			buildActionMask = 2147483647;
			files = (
				93A8542E24548EE000F520D8 /* Assets.xcassets in Resources */,
			);
			runOnlyForDeploymentPostprocessing = 0;
		};
/* End PBXResourcesBuildPhase section */

/* Begin PBXSourcesBuildPhase section */
		93A853FE24545BB900F520D8 /* Sources */ = {
			isa = PBXSourcesBuildPhase;
			buildActionMask = 2147483647;
			files = (
				93D28A982454CA6F00CC75AC /* CoreDataDatabase.swift in Sources */,
				93A854352454BB5800F520D8 /* HeroesViewModel.swift in Sources */,
				93A8542C2454870500F520D8 /* CombatsCoordinator.swift in Sources */,
				93A854412454C86500F520D8 /* LocalDataProvider.swift in Sources */,
				93A854392454BD5600F520D8 /* CombatsViewModel.swift in Sources */,
				93A8542A245486F600F520D8 /* VillainsCoordinator.swift in Sources */,
				93A8543B2454BDFD00F520D8 /* CombatsViewController.swift in Sources */,
				93A8540624545BB900F520D8 /* AppDelegate.swift in Sources */,
				93A854332454A3C100F520D8 /* UIImage+Extension.swift in Sources */,
				93A8540824545BB900F520D8 /* SceneDelegate.swift in Sources */,
				93A85428245486E500F520D8 /* HeroesCoordinator.swift in Sources */,
				93A854232454678600F520D8 /* AppCoordinator.swift in Sources */,
				93A8541F2454674D00F520D8 /* DataProvider.swift in Sources */,
				93A8543F2454BEE400F520D8 /* VillainsViewController.swift in Sources */,
				93A854372454BB9700F520D8 /* HeroesViewController.swift in Sources */,
				93A8543D2454BE6700F520D8 /* VillainsViewModel.swift in Sources */,
				93A8541D245466C700F520D8 /* Coordinator.swift in Sources */,
			);
			runOnlyForDeploymentPostprocessing = 0;
		};
/* End PBXSourcesBuildPhase section */

/* Begin XCBuildConfiguration section */
		93A8541424545BBC00F520D8 /* Debug */ = {
			isa = XCBuildConfiguration;
			buildSettings = {
				ALWAYS_SEARCH_USER_PATHS = NO;
				CLANG_ANALYZER_NONNULL = YES;
				CLANG_ANALYZER_NUMBER_OBJECT_CONVERSION = YES_AGGRESSIVE;
				CLANG_CXX_LANGUAGE_STANDARD = "gnu++14";
				CLANG_CXX_LIBRARY = "libc++";
				CLANG_ENABLE_MODULES = YES;
				CLANG_ENABLE_OBJC_ARC = YES;
				CLANG_ENABLE_OBJC_WEAK = YES;
				CLANG_WARN_BLOCK_CAPTURE_AUTORELEASING = YES;
				CLANG_WARN_BOOL_CONVERSION = YES;
				CLANG_WARN_COMMA = YES;
				CLANG_WARN_CONSTANT_CONVERSION = YES;
				CLANG_WARN_DEPRECATED_OBJC_IMPLEMENTATIONS = YES;
				CLANG_WARN_DIRECT_OBJC_ISA_USAGE = YES_ERROR;
				CLANG_WARN_DOCUMENTATION_COMMENTS = YES;
				CLANG_WARN_EMPTY_BODY = YES;
				CLANG_WARN_ENUM_CONVERSION = YES;
				CLANG_WARN_INFINITE_RECURSION = YES;
				CLANG_WARN_INT_CONVERSION = YES;
				CLANG_WARN_NON_LITERAL_NULL_CONVERSION = YES;
				CLANG_WARN_OBJC_IMPLICIT_RETAIN_SELF = YES;
				CLANG_WARN_OBJC_LITERAL_CONVERSION = YES;
				CLANG_WARN_OBJC_ROOT_CLASS = YES_ERROR;
				CLANG_WARN_RANGE_LOOP_ANALYSIS = YES;
				CLANG_WARN_STRICT_PROTOTYPES = YES;
				CLANG_WARN_SUSPICIOUS_MOVE = YES;
				CLANG_WARN_UNGUARDED_AVAILABILITY = YES_AGGRESSIVE;
				CLANG_WARN_UNREACHABLE_CODE = YES;
				CLANG_WARN__DUPLICATE_METHOD_MATCH = YES;
				COPY_PHASE_STRIP = NO;
				DEBUG_INFORMATION_FORMAT = dwarf;
				DEVELOPMENT_TEAM = DevTeam;
				ENABLE_STRICT_OBJC_MSGSEND = YES;
				ENABLE_TESTABILITY = YES;
				GCC_C_LANGUAGE_STANDARD = gnu11;
				GCC_DYNAMIC_NO_PIC = NO;
				GCC_NO_COMMON_BLOCKS = YES;
				GCC_OPTIMIZATION_LEVEL = 0;
				GCC_PREPROCESSOR_DEFINITIONS = (
					"DEBUG=1",
					"$(inherited)",
				);
				GCC_WARN_64_TO_32_BIT_CONVERSION = YES;
				GCC_WARN_ABOUT_RETURN_TYPE = YES_ERROR;
				GCC_WARN_UNDECLARED_SELECTOR = YES;
				GCC_WARN_UNINITIALIZED_AUTOS = YES_AGGRESSIVE;
				GCC_WARN_UNUSED_FUNCTION = YES;
				GCC_WARN_UNUSED_VARIABLE = YES;
				IPHONEOS_DEPLOYMENT_TARGET = 13.2;
				MTL_ENABLE_DEBUG_INFO = INCLUDE_SOURCE;
				MTL_FAST_MATH = YES;
				ONLY_ACTIVE_ARCH = YES;
				SDKROOT = iphoneos;
				SWIFT_ACTIVE_COMPILATION_CONDITIONS = DEBUG;
				SWIFT_OPTIMIZATION_LEVEL = "-Onone";
			};
			name = Debug;
		};
		93A8541524545BBC00F520D8 /* Release */ = {
			isa = XCBuildConfiguration;
			buildSettings = {
				ALWAYS_SEARCH_USER_PATHS = NO;
				CLANG_ANALYZER_NONNULL = YES;
				CLANG_ANALYZER_NUMBER_OBJECT_CONVERSION = YES_AGGRESSIVE;
				CLANG_CXX_LANGUAGE_STANDARD = "gnu++14";
				CLANG_CXX_LIBRARY = "libc++";
				CLANG_ENABLE_MODULES = YES;
				CLANG_ENABLE_OBJC_ARC = YES;
				CLANG_ENABLE_OBJC_WEAK = YES;
				CLANG_WARN_BLOCK_CAPTURE_AUTORELEASING = YES;
				CLANG_WARN_BOOL_CONVERSION = YES;
				CLANG_WARN_COMMA = YES;
				CLANG_WARN_CONSTANT_CONVERSION = YES;
				CLANG_WARN_DEPRECATED_OBJC_IMPLEMENTATIONS = YES;
				CLANG_WARN_DIRECT_OBJC_ISA_USAGE = YES_ERROR;
				CLANG_WARN_DOCUMENTATION_COMMENTS = YES;
				CLANG_WARN_EMPTY_BODY = YES;
				CLANG_WARN_ENUM_CONVERSION = YES;
				CLANG_WARN_INFINITE_RECURSION = YES;
				CLANG_WARN_INT_CONVERSION = YES;
				CLANG_WARN_NON_LITERAL_NULL_CONVERSION = YES;
				CLANG_WARN_OBJC_IMPLICIT_RETAIN_SELF = YES;
				CLANG_WARN_OBJC_LITERAL_CONVERSION = YES;
				CLANG_WARN_OBJC_ROOT_CLASS = YES_ERROR;
				CLANG_WARN_RANGE_LOOP_ANALYSIS = YES;
				CLANG_WARN_STRICT_PROTOTYPES = YES;
				CLANG_WARN_SUSPICIOUS_MOVE = YES;
				CLANG_WARN_UNGUARDED_AVAILABILITY = YES_AGGRESSIVE;
				CLANG_WARN_UNREACHABLE_CODE = YES;
				CLANG_WARN__DUPLICATE_METHOD_MATCH = YES;
				COPY_PHASE_STRIP = NO;
				DEBUG_INFORMATION_FORMAT = "dwarf-with-dsym";
				DEVELOPMENT_TEAM = DevTeam;
				ENABLE_NS_ASSERTIONS = NO;
				ENABLE_STRICT_OBJC_MSGSEND = YES;
				GCC_C_LANGUAGE_STANDARD = gnu11;
				GCC_NO_COMMON_BLOCKS = YES;
				GCC_WARN_64_TO_32_BIT_CONVERSION = YES;
				GCC_WARN_ABOUT_RETURN_TYPE = YES_ERROR;
				GCC_WARN_UNDECLARED_SELECTOR = YES;
				GCC_WARN_UNINITIALIZED_AUTOS = YES_AGGRESSIVE;
				GCC_WARN_UNUSED_FUNCTION = YES;
				GCC_WARN_UNUSED_VARIABLE = YES;
				IPHONEOS_DEPLOYMENT_TARGET = 13.2;
				MTL_ENABLE_DEBUG_INFO = NO;
				MTL_FAST_MATH = YES;
				SDKROOT = iphoneos;
				SWIFT_COMPILATION_MODE = wholemodule;
				SWIFT_OPTIMIZATION_LEVEL = "-O";
				VALIDATE_PRODUCT = YES;
			};
			name = Release;
		};
		93A8541724545BBC00F520D8 /* Debug */ = {
			isa = XCBuildConfiguration;
			buildSettings = {
				ASSETCATALOG_COMPILER_APPICON_NAME = AppIcon;
				CODE_SIGN_STYLE = Automatic;
				INFOPLIST_FILE = AvengersApp/Info.plist;
				LD_RUNPATH_SEARCH_PATHS = (
					"$(inherited)",
					"@executable_path/Frameworks",
				);
				PRODUCT_BUNDLE_IDENTIFIER = com.rigonpa.AvengersApp;
				PRODUCT_NAME = "$(TARGET_NAME)";
				SWIFT_VERSION = 5.0;
				TARGETED_DEVICE_FAMILY = 1;
			};
			name = Debug;
		};
		93A8541824545BBC00F520D8 /* Release */ = {
			isa = XCBuildConfiguration;
			buildSettings = {
				ASSETCATALOG_COMPILER_APPICON_NAME = AppIcon;
				CODE_SIGN_STYLE = Automatic;
				INFOPLIST_FILE = AvengersApp/Info.plist;
				LD_RUNPATH_SEARCH_PATHS = (
					"$(inherited)",
					"@executable_path/Frameworks",
				);
				PRODUCT_BUNDLE_IDENTIFIER = com.rigonpa.AvengersApp;
				PRODUCT_NAME = "$(TARGET_NAME)";
				SWIFT_VERSION = 5.0;
				TARGETED_DEVICE_FAMILY = 1;
			};
			name = Release;
		};
/* End XCBuildConfiguration section */

/* Begin XCConfigurationList section */
		93A853FD24545BB900F520D8 /* Build configuration list for PBXProject "AvengersApp" */ = {
			isa = XCConfigurationList;
			buildConfigurations = (
				93A8541424545BBC00F520D8 /* Debug */,
				93A8541524545BBC00F520D8 /* Release */,
			);
			defaultConfigurationIsVisible = 0;
			defaultConfigurationName = Release;
		};
		93A8541624545BBC00F520D8 /* Build configuration list for PBXNativeTarget "AvengersApp" */ = {
			isa = XCConfigurationList;
			buildConfigurations = (
				93A8541724545BBC00F520D8 /* Debug */,
				93A8541824545BBC00F520D8 /* Release */,
			);
			defaultConfigurationIsVisible = 0;
			defaultConfigurationName = Release;
		};
/* End XCConfigurationList section */
	};
	rootObject = 93A853FA24545BB900F520D8 /* Project object */;
}
